
Microsoft Visual Studio Solution File, Format Version 12.00
# Visual Studio Version 17
VisualStudioVersion = 17.5.2.0
MinimumVisualStudioVersion = 10.0.40219.1
Project("{FAE04EC0-301F-11D3-BF4B-00C04F79EFBC}") = "ToolDownCollectionNexusMod", "ToolDownCollectionNexusMod\ToolDownCollectionNexusMod.csproj", "{7B2E1D44-9AA6-744C-8942-94A01DEE61D8}"
EndProject
Project("{FAE04EC0-301F-11D3-BF4B-00C04F79EFBC}") = "RetryFailedMods", "RetryFailedMods\RetryFailedMods.csproj", "{3B90FE5A-80AB-41C8-BB1F-BDDBAEAB90D5}"
EndProject
Project("{FAE04EC0-301F-11D3-BF4B-00C04F79EFBC}") = "NexusShared", "NexusShared\NexusShared.csproj", "{40671D40-E5AA-440E-B6D1-D4165768EDBA}"
EndProject
Global
	GlobalSection(SolutionConfigurationPlatforms) = preSolution
		Debug|Any CPU = Debug|Any CPU
		Debug|x64 = Debug|x64
		Debug|x86 = Debug|x86
		Release|Any CPU = Release|Any CPU
		Release|x64 = Release|x64
		Release|x86 = Release|x86
	EndGlobalSection
	GlobalSection(ProjectConfigurationPlatforms) = postSolution
		{7B2E1D44-9AA6-744C-8942-94A01DEE61D8}.Debug|Any CPU.ActiveCfg = Debug|Any CPU
		{7B2E1D44-9AA6-744C-8942-94A01DEE61D8}.Debug|Any CPU.Build.0 = Debug|Any CPU
		{7B2E1D44-9AA6-744C-8942-94A01DEE61D8}.Debug|x64.ActiveCfg = Debug|Any CPU
		{7B2E1D44-9AA6-744C-8942-94A01DEE61D8}.Debug|x64.Build.0 = Debug|Any CPU
		{7B2E1D44-9AA6-744C-8942-94A01DEE61D8}.Debug|x86.ActiveCfg = Debug|Any CPU
		{7B2E1D44-9AA6-744C-8942-94A01DEE61D8}.Debug|x86.Build.0 = Debug|Any CPU
		{7B2E1D44-9AA6-744C-8942-94A01DEE61D8}.Release|Any CPU.ActiveCfg = Release|Any CPU
		{7B2E1D44-9AA6-744C-8942-94A01DEE61D8}.Release|Any CPU.Build.0 = Release|Any CPU
		{7B2E1D44-9AA6-744C-8942-94A01DEE61D8}.Release|x64.ActiveCfg = Release|Any CPU
		{7B2E1D44-9AA6-744C-8942-94A01DEE61D8}.Release|x64.Build.0 = Release|Any CPU
		{7B2E1D44-9AA6-744C-8942-94A01DEE61D8}.Release|x86.ActiveCfg = Release|Any CPU
		{7B2E1D44-9AA6-744C-8942-94A01DEE61D8}.Release|x86.Build.0 = Release|Any CPU
		{3B90FE5A-80AB-41C8-BB1F-BDDBAEAB90D5}.Debug|Any CPU.ActiveCfg = Debug|Any CPU
		{3B90FE5A-80AB-41C8-BB1F-BDDBAEAB90D5}.Debug|Any CPU.Build.0 = Debug|Any CPU
		{3B90FE5A-80AB-41C8-BB1F-BDDBAEAB90D5}.Debug|x64.ActiveCfg = Debug|Any CPU
		{3B90FE5A-80AB-41C8-BB1F-BDDBAEAB90D5}.Debug|x64.Build.0 = Debug|Any CPU
		{3B90FE5A-80AB-41C8-BB1F-BDDBAEAB90D5}.Debug|x86.ActiveCfg = Debug|Any CPU
		{3B90FE5A-80AB-41C8-BB1F-BDDBAEAB90D5}.Debug|x86.Build.0 = Debug|Any CPU
		{3B90FE5A-80AB-41C8-BB1F-BDDBAEAB90D5}.Release|Any CPU.ActiveCfg = Release|Any CPU
		{3B90FE5A-80AB-41C8-BB1F-BDDBAEAB90D5}.Release|Any CPU.Build.0 = Release|Any CPU
		{3B90FE5A-80AB-41C8-BB1F-BDDBAEAB90D5}.Release|x64.ActiveCfg = Release|Any CPU
		{3B90FE5A-80AB-41C8-BB1F-BDDBAEAB90D5}.Release|x64.Build.0 = Release|Any CPU
		{3B90FE5A-80AB-41C8-BB1F-BDDBAEAB90D5}.Release|x86.ActiveCfg = Release|Any CPU
		{3B90FE5A-80AB-41C8-BB1F-BDDBAEAB90D5}.Release|x86.Build.0 = Release|Any CPU
		{40671D40-E5AA-440E-B6D1-D4165768EDBA}.Debug|Any CPU.ActiveCfg = Debug|Any CPU
		{40671D40-E5AA-440E-B6D1-D4165768EDBA}.Debug|Any CPU.Build.0 = Debug|Any CPU
		{40671D40-E5AA-440E-B6D1-D4165768EDBA}.Debug|x64.ActiveCfg = Debug|Any CPU
		{40671D40-E5AA-440E-B6D1-D4165768EDBA}.Debug|x64.Build.0 = Debug|Any CPU
		{40671D40-E5AA-440E-B6D1-D4165768EDBA}.Debug|x86.ActiveCfg = Debug|Any CPU
		{40671D40-E5AA-440E-B6D1-D4165768EDBA}.Debug|x86.Build.0 = Debug|Any CPU
		{40671D40-E5AA-440E-B6D1-D4165768EDBA}.Release|Any CPU.ActiveCfg = Release|Any CPU
		{40671D40-E5AA-440E-B6D1-D4165768EDBA}.Release|Any CPU.Build.0 = Release|Any CPU
		{40671D40-E5AA-440E-B6D1-D4165768EDBA}.Release|x64.ActiveCfg = Release|Any CPU
		{40671D40-E5AA-440E-B6D1-D4165768EDBA}.Release|x64.Build.0 = Release|Any CPU
		{40671D40-E5AA-440E-B6D1-D4165768EDBA}.Release|x86.ActiveCfg = Release|Any CPU
		{40671D40-E5AA-440E-B6D1-D4165768EDBA}.Release|x86.Build.0 = Release|Any CPU
	EndGlobalSection
	GlobalSection(SolutionProperties) = preSolution
		HideSolutionNode = FALSE
	EndGlobalSection
	GlobalSection(ExtensibilityGlobals) = postSolution
		SolutionGuid = {8C1A4DEC-6047-43BE-8783-8677161BA096}
	EndGlobalSection
EndGlobal
